[[package]]
name = "alembic"
version = "1.13.1"
description = "A database migration tool for SQLAlchemy."
category = "main"
optional = false
python-versions = ">=3.8"

[package.dependencies]
importlib-metadata = {version = "*", markers = "python_version < \"3.9\""}
importlib-resources = {version = "*", markers = "python_version < \"3.9\""}
Mako = "*"
SQLAlchemy = ">=1.3.0"
typing-extensions = ">=4"

[package.extras]
tz = ["backports.zoneinfo"]

[[package]]
name = "annotated-types"
version = "0.6.0"
description = "Reusable constraint types to use with typing.Annotated"
category = "main"
optional = false
python-versions = ">=3.8"

[package.dependencies]
typing-extensions = {version = ">=4.0.0", markers = "python_version < \"3.9\""}

[[package]]
name = "anyio"
version = "3.7.1"
description = "High level compatibility layer for multiple asynchronous event loop implementations"
category = "main"
optional = false
python-versions = ">=3.7"

[package.dependencies]
exceptiongroup = {version = "*", markers = "python_version < \"3.11\""}
idna = ">=2.8"
sniffio = ">=1.1"

[package.extras]
doc = ["packaging", "sphinx", "sphinx-rtd-theme (>=1.2.2)", "sphinxcontrib-jquery", "sphinx-autodoc-typehints (>=1.2.0)"]
test = ["anyio", "coverage[toml] (>=4.5)", "hypothesis (>=4.0)", "psutil (>=5.9)", "pytest (>=7.0)", "pytest-mock (>=3.6.1)", "trustme", "uvloop (>=0.17)", "mock (>=4)"]
trio = ["trio (<0.22)"]

[[package]]
name = "astroid"
version = "3.1.0"
description = "An abstract syntax tree for Python with inference support."
category = "main"
optional = false
python-versions = ">=3.8.0"

[package.dependencies]
typing-extensions = {version = ">=4.0.0", markers = "python_version < \"3.11\""}

[[package]]
name = "black"
version = "24.4.0"
description = "The uncompromising code formatter."
category = "main"
optional = false
python-versions = ">=3.8"

[package.dependencies]
click = ">=8.0.0"
mypy-extensions = ">=0.4.3"
packaging = ">=22.0"
pathspec = ">=0.9.0"
platformdirs = ">=2"
tomli = {version = ">=1.1.0", markers = "python_version < \"3.11\""}
typing-extensions = {version = ">=4.0.1", markers = "python_version < \"3.11\""}

[package.extras]
colorama = ["colorama (>=0.4.3)"]
d = ["aiohttp (>=3.7.4,!=3.9.0)", "aiohttp (>=3.7.4)"]
jupyter = ["ipython (>=7.8.0)", "tokenize-rt (>=3.2.0)"]
uvloop = ["uvloop (>=0.15.2)"]

[[package]]
name = "boto3"
version = "1.34.86"
description = "The AWS SDK for Python"
category = "main"
optional = false
python-versions = ">=3.8"

[package.dependencies]
botocore = ">=1.34.86,<1.35.0"
jmespath = ">=0.7.1,<2.0.0"
s3transfer = ">=0.10.0,<0.11.0"

[package.extras]
crt = ["botocore[crt] (>=1.21.0,<2.0a0)"]

[[package]]
name = "botocore"
version = "1.34.86"
description = "Low-level, data-driven core of boto 3."
category = "main"
optional = false
python-versions = ">=3.8"

[package.dependencies]
jmespath = ">=0.7.1,<2.0.0"
python-dateutil = ">=2.1,<3.0.0"
urllib3 = [
    {version = ">=1.25.4,<1.27", markers = "python_version < \"3.10\""},
    {version = ">=1.25.4,<2.2.0 || >2.2.0,<3", markers = "python_version >= \"3.10\""},
]

[package.extras]
crt = ["awscrt (==0.20.9)"]

[[package]]
name = "certifi"
version = "2024.2.2"
description = "Python package for providing Mozilla's CA Bundle."
category = "main"
optional = false
python-versions = ">=3.6"

[[package]]
name = "charset-normalizer"
version = "3.3.2"
description = "The Real First Universal Charset Detector. Open, modern and actively maintained alternative to Chardet."
category = "main"
optional = false
python-versions = ">=3.7.0"

[[package]]
name = "click"
version = "8.1.7"
description = "Composable command line interface toolkit"
category = "main"
optional = false
python-versions = ">=3.7"

[package.dependencies]
colorama = {version = "*", markers = "platform_system == \"Windows\""}

[[package]]
name = "colorama"
version = "0.4.6"
description = "Cross-platform colored terminal text."
category = "main"
optional = false
python-versions = "!=3.0.*,!=3.1.*,!=3.2.*,!=3.3.*,!=3.4.*,!=3.5.*,!=3.6.*,>=2.7"

[[package]]
name = "cryptocode"
version = "0.1"
description = "Python library used to encrypt and decrypt strings in the simplest possible way."
category = "main"
optional = false
python-versions = "*"

[package.dependencies]
pycryptodomex = "*"

[[package]]
name = "dill"
version = "0.3.8"
description = "serialize all of Python"
category = "main"
optional = false
python-versions = ">=3.8"

[package.extras]
graph = ["objgraph (>=1.7.2)"]
profile = ["gprof2dot (>=2022.7.29)"]

[[package]]
name = "ecdsa"
version = "0.18.0"
description = "ECDSA cryptographic signature library (pure python)"
category = "main"
optional = false
python-versions = ">=2.6, !=3.0.*, !=3.1.*, !=3.2.*"

[package.dependencies]
six = ">=1.9.0"

[package.extras]
gmpy = ["gmpy"]
gmpy2 = ["gmpy2"]

[[package]]
name = "exceptiongroup"
version = "1.2.0"
description = "Backport of PEP 654 (exception groups)"
category = "main"
optional = false
python-versions = ">=3.7"

[package.extras]
test = ["pytest (>=6)"]

[[package]]
name = "fastapi"
version = "0.103.2"
description = "FastAPI framework, high performance, easy to learn, fast to code, ready for production"
category = "main"
optional = false
python-versions = ">=3.7"

[package.dependencies]
anyio = ">=3.7.1,<4.0.0"
pydantic = ">=1.7.4,<1.8 || >1.8,<1.8.1 || >1.8.1,<2.0.0 || >2.0.0,<2.0.1 || >2.0.1,<2.1.0 || >2.1.0,<3.0.0"
starlette = ">=0.27.0,<0.28.0"
typing-extensions = ">=4.5.0"

[package.extras]
all = ["email-validator (>=2.0.0)", "httpx (>=0.23.0)", "itsdangerous (>=1.1.0)", "jinja2 (>=2.11.2)", "orjson (>=3.2.1)", "pydantic-extra-types (>=2.0.0)", "pydantic-settings (>=2.0.0)", "python-multipart (>=0.0.5)", "pyyaml (>=5.3.1)", "ujson (>=4.0.1,!=4.0.2,!=4.1.0,!=4.2.0,!=4.3.0,!=5.0.0,!=5.1.0)", "uvicorn[standard] (>=0.12.0)"]

[[package]]
name = "greenlet"
version = "3.0.3"
description = "Lightweight in-process concurrent programming"
category = "main"
optional = false
python-versions = ">=3.7"

[package.extras]
docs = ["sphinx", "furo"]
test = ["objgraph", "psutil"]

[[package]]
name = "h11"
version = "0.14.0"
description = "A pure-Python, bring-your-own-I/O implementation of HTTP/1.1"
category = "main"
optional = false
python-versions = ">=3.7"

[[package]]
name = "idna"
version = "3.7"
description = "Internationalized Domain Names in Applications (IDNA)"
category = "main"
optional = false
python-versions = ">=3.5"

[[package]]
name = "importlib-metadata"
version = "7.1.0"
description = "Read metadata from Python packages"
category = "main"
optional = false
python-versions = ">=3.8"

[package.dependencies]
zipp = ">=0.5"

[package.extras]
docs = ["sphinx (>=3.5)", "jaraco.packaging (>=9.3)", "rst.linker (>=1.9)", "furo", "sphinx-lint", "jaraco.tidelift (>=1.4)"]
perf = ["ipython"]
testing = ["pytest (>=6)", "pytest-checkdocs (>=2.4)", "pytest-cov", "pytest-enabler (>=2.2)", "pytest-ruff (>=0.2.1)", "packaging", "pyfakefs", "flufl.flake8", "pytest-perf (>=0.9.2)", "jaraco.test (>=5.4)", "pytest-mypy", "importlib-resources (>=1.3)"]

[[package]]
name = "importlib-resources"
version = "6.4.0"
description = "Read resources from Python packages"
category = "main"
optional = false
python-versions = ">=3.8"

[package.dependencies]
zipp = {version = ">=3.1.0", markers = "python_version < \"3.10\""}

[package.extras]
docs = ["sphinx (>=3.5)", "sphinx (<7.2.5)", "jaraco.packaging (>=9.3)", "rst.linker (>=1.9)", "furo", "sphinx-lint", "jaraco.tidelift (>=1.4)"]
testing = ["pytest (>=6)", "pytest-checkdocs (>=2.4)", "pytest-cov", "pytest-enabler (>=2.2)", "pytest-ruff (>=0.2.1)", "zipp (>=3.17)", "jaraco.test (>=5.4)", "pytest-mypy"]

[[package]]
name = "isort"
version = "5.13.2"
description = "A Python utility / library to sort Python imports."
category = "main"
optional = false
python-versions = ">=3.8.0"

[package.extras]
colors = ["colorama (>=0.4.6)"]

[[package]]
name = "jmespath"
version = "1.0.1"
description = "JSON Matching Expressions"
category = "main"
optional = false
python-versions = ">=3.7"

[[package]]
name = "loguru"
version = "0.7.2"
description = "Python logging made (stupidly) simple"
category = "main"
optional = false
python-versions = ">=3.5"

[package.dependencies]
colorama = {version = ">=0.3.4", markers = "sys_platform == \"win32\""}
win32-setctime = {version = ">=1.0.0", markers = "sys_platform == \"win32\""}

[package.extras]
dev = ["mypy (==v0.910)", "tox (==3.27.1)", "pytest (==6.1.2)", "pytest-cov (==2.12.1)", "colorama (==0.4.5)", "freezegun (==1.1.0)", "mypy (==v0.971)", "pytest-mypy-plugins (==1.9.3)", "exceptiongroup (==1.1.3)", "mypy (==v1.4.1)", "pre-commit (==3.4.0)", "tox (==4.11.0)", "pytest (==7.4.0)", "pytest-cov (==4.1.0)", "pytest-mypy-plugins (==3.0.0)", "colorama (==0.4.6)", "freezegun (==1.2.2)", "mypy (==v1.5.1)", "Sphinx (==7.2.5)", "sphinx-autobuild (==2021.3.14)", "sphinx-rtd-theme (==1.3.0)"]

[[package]]
name = "mako"
version = "1.3.3"
description = "A super-fast templating language that borrows the best ideas from the existing templating languages."
category = "main"
optional = false
python-versions = ">=3.8"

[package.dependencies]
MarkupSafe = ">=0.9.2"

[package.extras]
testing = ["pytest"]
babel = ["babel"]
lingua = ["lingua"]

[[package]]
name = "markupsafe"
version = "2.1.5"
description = "Safely add untrusted strings to HTML/XML markup."
category = "main"
optional = false
python-versions = ">=3.7"

[[package]]
name = "mccabe"
version = "0.7.0"
description = "McCabe checker, plugin for flake8"
category = "main"
optional = false
python-versions = ">=3.6"

[[package]]
name = "mercadopago"
version = "2.2.1"
description = "Mercadopago SDK module for Payments integration"
category = "main"
optional = false
python-versions = ">=3"

[package.dependencies]
requests = "*"

[[package]]
name = "mypy-extensions"
version = "1.0.0"
description = "Type system extensions for programs checked with the mypy type checker."
category = "main"
optional = false
python-versions = ">=3.5"

[[package]]
name = "packaging"
version = "24.0"
description = "Core utilities for Python packages"
category = "main"
optional = false
python-versions = ">=3.7"

[[package]]
name = "pathspec"
version = "0.12.1"
description = "Utility library for gitignore style pattern matching of file paths."
category = "main"
optional = false
python-versions = ">=3.8"

[[package]]
name = "platformdirs"
version = "4.2.0"
description = "A small Python package for determining appropriate platform-specific dirs, e.g. a \"user data dir\"."
category = "main"
optional = false
python-versions = ">=3.8"

[package.extras]
docs = ["furo (>=2023.9.10)", "proselint (>=0.13)", "sphinx-autodoc-typehints (>=1.25.2)", "sphinx (>=7.2.6)"]
test = ["appdirs (==1.4.4)", "covdefaults (>=2.3)", "pytest-cov (>=4.1)", "pytest-mock (>=3.12)", "pytest (>=7.4.3)"]

[[package]]
name = "psycopg2-binary"
version = "2.9.9"
description = "psycopg2 - Python-PostgreSQL Database Adapter"
category = "main"
optional = false
python-versions = ">=3.7"

[[package]]
name = "pyasn1"
version = "0.6.0"
description = "Pure-Python implementation of ASN.1 types and DER/BER/CER codecs (X.208)"
category = "main"
optional = false
python-versions = ">=3.8"

[[package]]
name = "pycryptodomex"
version = "3.20.0"
description = "Cryptographic library for Python"
category = "main"
optional = false
python-versions = ">=2.7, !=3.0.*, !=3.1.*, !=3.2.*, !=3.3.*, !=3.4.*"

[[package]]
name = "pydantic"
version = "2.7.0"
description = "Data validation using Python type hints"
category = "main"
optional = false
python-versions = ">=3.8"

[package.dependencies]
annotated-types = ">=0.4.0"
pydantic-core = "2.18.1"
typing-extensions = ">=4.6.1"

[package.extras]
email = ["email-validator (>=2.0.0)"]

[[package]]
name = "pydantic-core"
version = "2.18.1"
description = "Core functionality for Pydantic validation and serialization"
category = "main"
optional = false
python-versions = ">=3.8"

[package.dependencies]
typing-extensions = ">=4.6.0,<4.7.0 || >4.7.0"

[[package]]
name = "pylint"
version = "3.1.0"
description = "python code static checker"
category = "main"
optional = false
python-versions = ">=3.8.0"

[package.dependencies]
astroid = ">=3.1.0,<=3.2.0-dev0"
colorama = {version = ">=0.4.5", markers = "sys_platform == \"win32\""}
dill = [
    {version = ">=0.2", markers = "python_version < \"3.11\""},
    {version = ">=0.3.6", markers = "python_version >= \"3.11\""},
    {version = ">=0.3.7", markers = "python_version >= \"3.12\""},
]
isort = ">=4.2.5,<5.13.0 || >5.13.0,<6"
mccabe = ">=0.6,<0.8"
platformdirs = ">=2.2.0"
tomli = {version = ">=1.1.0", markers = "python_version < \"3.11\""}
tomlkit = ">=0.10.1"
typing-extensions = {version = ">=3.10.0", markers = "python_version < \"3.10\""}

[package.extras]
spelling = ["pyenchant (>=3.2,<4.0)"]
testutils = ["gitpython (>3)"]

[[package]]
name = "pymysql"
version = "1.1.0"
description = "Pure Python MySQL Driver"
category = "main"
optional = false
python-versions = ">=3.7"

[package.extras]
ed25519 = ["PyNaCl (>=1.4.0)"]
rsa = ["cryptography"]

[[package]]
name = "python-dateutil"
version = "2.9.0.post0"
description = "Extensions to the standard Python datetime module"
category = "main"
optional = false
python-versions = "!=3.0.*,!=3.1.*,!=3.2.*,>=2.7"

[package.dependencies]
six = ">=1.5"

[[package]]
name = "python-decouple"
version = "3.8"
description = "Strict separation of settings from code."
category = "main"
optional = false
python-versions = "*"

[[package]]
name = "python-dotenv"
version = "1.0.1"
description = "Read key-value pairs from a .env file and set them as environment variables"
category = "main"
optional = false
python-versions = ">=3.8"

[package.extras]
cli = ["click (>=5.0)"]

[[package]]
name = "python-jose"
version = "3.3.0"
description = "JOSE implementation in Python"
category = "main"
optional = false
python-versions = "*"

[package.dependencies]
ecdsa = "!=0.15"
pyasn1 = "*"
rsa = "*"

[package.extras]
cryptography = ["cryptography (>=3.4.0)"]
pycrypto = ["pycrypto (>=2.6.0,<2.7.0)", "pyasn1"]
pycryptodome = ["pycryptodome (>=3.3.1,<4.0.0)", "pyasn1"]

[[package]]
name = "python-multipart"
version = "0.0.6"
description = "A streaming multipart parser for Python"
category = "main"
optional = false
python-versions = ">=3.7"

[package.extras]
dev = ["atomicwrites (==1.2.1)", "attrs (==19.2.0)", "coverage (==6.5.0)", "hatch", "invoke (==1.7.3)", "more-itertools (==4.3.0)", "pbr (==4.3.0)", "pluggy (==1.0.0)", "py (==1.11.0)", "pytest-cov (==4.0.0)", "pytest-timeout (==2.1.0)", "pytest (==7.2.0)", "pyyaml (==5.1)"]

[[package]]
name = "requests"
version = "2.31.0"
description = "Python HTTP for Humans."
category = "main"
optional = false
python-versions = ">=3.7"

[package.dependencies]
certifi = ">=2017.4.17"
charset-normalizer = ">=2,<4"
idna = ">=2.5,<4"
urllib3 = ">=1.21.1,<3"

[package.extras]
socks = ["PySocks (>=1.5.6,!=1.5.7)"]
use_chardet_on_py3 = ["chardet (>=3.0.2,<6)"]

[[package]]
name = "rsa"
version = "4.4"
description = "Pure-Python RSA implementation"
category = "main"
optional = false
python-versions = "*"

[package.dependencies]
pyasn1 = ">=0.1.3"

[[package]]
name = "s3transfer"
version = "0.10.1"
description = "An Amazon S3 Transfer Manager"
category = "main"
optional = false
python-versions = ">= 3.8"

[package.dependencies]
botocore = ">=1.33.2,<2.0a.0"

[package.extras]
crt = ["botocore[crt] (>=1.33.2,<2.0a.0)"]

[[package]]
name = "six"
version = "1.16.0"
description = "Python 2 and 3 compatibility utilities"
category = "main"
optional = false
python-versions = ">=2.7, !=3.0.*, !=3.1.*, !=3.2.*"

[[package]]
name = "sniffio"
version = "1.3.1"
description = "Sniff out which async library your code is running under"
category = "main"
optional = false
python-versions = ">=3.7"

[[package]]
name = "sqlalchemy"
version = "2.0.29"
description = "Database Abstraction Library"
category = "main"
optional = false
python-versions = ">=3.7"

[package.dependencies]
greenlet = {version = "!=0.4.17", markers = "platform_machine == \"aarch64\" or platform_machine == \"ppc64le\" or platform_machine == \"x86_64\" or platform_machine == \"amd64\" or platform_machine == \"AMD64\" or platform_machine == \"win32\" or platform_machine == \"WIN32\""}
typing-extensions = ">=4.6.0"

[package.extras]
asyncio = ["greenlet (!=0.4.17)"]
mypy = ["mypy (>=0.910)"]
mssql = ["pyodbc"]
mssql-pymssql = ["pymssql"]
mssql-pyodbc = ["pyodbc"]
mysql = ["mysqlclient (>=1.4.0)"]
mysql-connector = ["mysql-connector-python"]
mariadb-connector = ["mariadb (>=1.0.1,!=1.1.2,!=1.1.5)"]
oracle = ["cx_oracle (>=8)"]
oracle-oracledb = ["oracledb (>=1.0.1)"]
postgresql = ["psycopg2 (>=2.7)"]
postgresql-pg8000 = ["pg8000 (>=1.29.1)"]
postgresql-asyncpg = ["greenlet (!=0.4.17)", "asyncpg"]
postgresql-psycopg2binary = ["psycopg2-binary"]
postgresql-psycopg2cffi = ["psycopg2cffi"]
postgresql-psycopg = ["psycopg (>=3.0.7)"]
postgresql-psycopgbinary = ["psycopg[binary] (>=3.0.7)"]
pymysql = ["pymysql"]
aiomysql = ["greenlet (!=0.4.17)", "aiomysql (>=0.2.0)"]
aioodbc = ["greenlet (!=0.4.17)", "aioodbc"]
asyncmy = ["greenlet (!=0.4.17)", "asyncmy (>=0.2.3,!=0.2.4,!=0.2.6)"]
aiosqlite = ["greenlet (!=0.4.17)", "aiosqlite", "typing_extensions (!=3.10.0.1)"]
sqlcipher = ["sqlcipher3-binary"]

[[package]]
name = "starlette"
version = "0.27.0"
description = "The little ASGI library that shines."
category = "main"
optional = false
python-versions = ">=3.7"

[package.dependencies]
anyio = ">=3.4.0,<5"
typing-extensions = {version = ">=3.10.0", markers = "python_version < \"3.10\""}

[package.extras]
full = ["httpx (>=0.22.0)", "itsdangerous", "jinja2", "python-multipart", "pyyaml"]

[[package]]
name = "tomli"
version = "2.0.1"
description = "A lil' TOML parser"
category = "main"
optional = false
python-versions = ">=3.7"

[[package]]
name = "tomlkit"
version = "0.12.4"
description = "Style preserving TOML library"
category = "main"
optional = false
python-versions = ">=3.7"

[[package]]
name = "typing-extensions"
version = "4.11.0"
description = "Backported and Experimental Type Hints for Python 3.8+"
category = "main"
optional = false
python-versions = ">=3.8"

[[package]]
name = "urllib3"
version = "1.26.18"
description = "HTTP library with thread-safe connection pooling, file post, and more."
category = "main"
optional = false
python-versions = ">=2.7, !=3.0.*, !=3.1.*, !=3.2.*, !=3.3.*, !=3.4.*, !=3.5.*"

[package.extras]
brotli = ["brotlicffi (>=0.8.0)", "brotli (==1.0.9)", "brotlipy (>=0.6.0)", "brotli (>=1.0.9)"]
secure = ["pyOpenSSL (>=0.14)", "cryptography (>=1.3.4)", "idna (>=2.0.0)", "certifi", "urllib3-secure-extra", "ipaddress"]
socks = ["PySocks (>=1.5.6,!=1.5.7,<2.0)"]

[[package]]
name = "urllib3"
version = "2.2.1"
description = "HTTP library with thread-safe connection pooling, file post, and more."
category = "main"
optional = false
python-versions = ">=3.8"

[package.extras]
brotli = ["brotli (>=1.0.9)", "brotlicffi (>=0.8.0)"]
h2 = ["h2 (>=4,<5)"]
socks = ["pysocks (>=1.5.6,!=1.5.7,<2.0)"]
zstd = ["zstandard (>=0.18.0)"]

[[package]]
name = "uvicorn"
version = "0.23.2"
description = "The lightning-fast ASGI server."
category = "main"
optional = false
python-versions = ">=3.8"

[package.dependencies]
click = ">=7.0"
h11 = ">=0.8"
typing-extensions = {version = ">=4.0", markers = "python_version < \"3.11\""}

[package.extras]
standard = ["colorama (>=0.4)", "httptools (>=0.5.0)", "python-dotenv (>=0.13)", "pyyaml (>=5.1)", "uvloop (>=0.14.0,!=0.15.0,!=0.15.1)", "watchfiles (>=0.13)", "websockets (>=10.4)"]

[[package]]
name = "win32-setctime"
version = "1.1.0"
description = "A small Python utility to set file creation time on Windows"
category = "main"
optional = false
python-versions = ">=3.5"

[package.extras]
dev = ["pytest (>=4.6.2)", "black (>=19.3b0)"]

[[package]]
name = "zipp"
version = "3.18.1"
description = "Backport of pathlib-compatible object wrapper for zip files"
category = "main"
optional = false
python-versions = ">=3.8"

[package.extras]
docs = ["sphinx (>=3.5)", "jaraco.packaging (>=9.3)", "rst.linker (>=1.9)", "furo", "sphinx-lint", "jaraco.tidelift (>=1.4)"]
testing = ["pytest (>=6)", "pytest-checkdocs (>=2.4)", "pytest-cov", "pytest-enabler (>=2.2)", "pytest-ruff (>=0.2.1)", "jaraco.itertools", "jaraco.functools", "more-itertools", "big-o", "pytest-ignore-flaky", "pytest-mypy"]

[metadata]
lock-version = "1.1"
python-versions = ">=3.8"
content-hash = "864509a208ea6dff4e5ac6982391e08f6beeb9f2830023d672e3ae5caec578ba"

[metadata.files]
alembic = []
annotated-types = []
anyio = []
astroid = []
black = []
boto3 = []
botocore = []
certifi = []
charset-normalizer = []
click = []
colorama = []
cryptocode = []
dill = []
ecdsa = []
exceptiongroup = []
fastapi = []
greenlet = []
h11 = []
idna = []
importlib-metadata = []
importlib-resources = []
isort = []
jmespath = []
loguru = []
mako = []
markupsafe = []
mccabe = []
mercadopago = []
mypy-extensions = []
packaging = []
pathspec = []
platformdirs = []
psycopg2-binary = []
pyasn1 = []
pycryptodomex = []
pydantic = []
pydantic-core = []
pylint = []
pymysql = []
python-dateutil = []
python-decouple = []
python-dotenv = []
python-jose = []
python-multipart = []
requests = []
rsa = []
s3transfer = []
six = []
sniffio = []
sqlalchemy = []
starlette = []
tomli = []
tomlkit = []
typing-extensions = []
urllib3 = []
uvicorn = []
win32-setctime = []
zipp = []
